
Microsoft Visual Studio Solution File, Format Version 12.00
# Visual Studio Version 17
VisualStudioVersion = 17.5.002.0
MinimumVisualStudioVersion = 10.0.40219.1
Project("{9A19103F-16F7-4668-BE54-9A1E7A4F7556}") = "FraudSquad", "FraudSquad.csproj", "{3E5A9BA2-0113-4B6C-B625-3E0EF51E2245}"
EndProject
Global
	GlobalSection(SolutionConfigurationPlatforms) = preSolution
		Debug|Any CPU = Debug|Any CPU
		Release|Any CPU = Release|Any CPU
	EndGlobalSection
	GlobalSection(ProjectConfigurationPlatforms) = postSolution
		{3E5A9BA2-0113-4B6C-B625-3E0EF51E2245}.Debug|Any CPU.ActiveCfg = Debug|Any CPU
		{3E5A9BA2-0113-4B6C-B625-3E0EF51E2245}.Debug|Any CPU.Build.0 = Debug|Any CPU
		{3E5A9BA2-0113-4B6C-B625-3E0EF51E2245}.Release|Any CPU.ActiveCfg = Release|Any CPU
		{3E5A9BA2-0113-4B6C-B625-3E0EF51E2245}.Release|Any CPU.Build.0 = Release|Any CPU
	EndGlobalSection
	GlobalSection(SolutionProperties) = preSolution
		HideSolutionNode = FALSE
	EndGlobalSection
	GlobalSection(ExtensibilityGlobals) = postSolution
		SolutionGuid = {B12ABAB2-D6A2-44DA-9ED1-C5C4CBD29812}
	EndGlobalSection
EndGlobal
